// !$*UTF8*$!
{
	archiveVersion = 1;
	classes = {
	};
	objectVersion = 56;
	objects = {

/* Begin PBXBuildFile section */
		9B6960422C91D3FB00B39295 /* AppDelegate.swift in Sources */ = {isa = PBXBuildFile; fileRef = 9B6960412C91D3FB00B39295 /* AppDelegate.swift */; };
		9B6960442C91D3FB00B39295 /* SceneDelegate.swift in Sources */ = {isa = PBXBuildFile; fileRef = 9B6960432C91D3FB00B39295 /* SceneDelegate.swift */; };
		9B6960462C91D3FB00B39295 /* ViewController.swift in Sources */ = {isa = PBXBuildFile; fileRef = 9B6960452C91D3FB00B39295 /* ViewController.swift */; };
		9B6960492C91D3FB00B39295 /* Main.storyboard in Resources */ = {isa = PBXBuildFile; fileRef = 9B6960472C91D3FB00B39295 /* Main.storyboard */; };
		9B69604B2C91D3FC00B39295 /* Assets.xcassets in Resources */ = {isa = PBXBuildFile; fileRef = 9B69604A2C91D3FC00B39295 /* Assets.xcassets */; };
		9B69604E2C91D3FC00B39295 /* LaunchScreen.storyboard in Resources */ = {isa = PBXBuildFile; fileRef = 9B69604C2C91D3FC00B39295 /* LaunchScreen.storyboard */; };
		9B6960572C91D57100B39295 /* HomeViewController.swift in Sources */ = {isa = PBXBuildFile; fileRef = 9B6960562C91D57100B39295 /* HomeViewController.swift */; };
		9B69605B2C91D64B00B39295 /* MusicModel.swift in Sources */ = {isa = PBXBuildFile; fileRef = 9B69605A2C91D64B00B39295 /* MusicModel.swift */; };
		9B69605D2C91DC9A00B39295 /* PlayerViewController.swift in Sources */ = {isa = PBXBuildFile; fileRef = 9B69605C2C91DC9A00B39295 /* PlayerViewController.swift */; };
		9B69605F2C91EDCD00B39295 /* CustomSlider.swift in Sources */ = {isa = PBXBuildFile; fileRef = 9B69605E2C91EDCD00B39295 /* CustomSlider.swift */; };
/* End PBXBuildFile section */

/* Begin PBXFileReference section */
		9B69603E2C91D3FB00B39295 /* TechTunes.app */ = {isa = PBXFileReference; explicitFileType = wrapper.application; includeInIndex = 0; path = TechTunes.app; sourceTree = BUILT_PRODUCTS_DIR; };
		9B6960412C91D3FB00B39295 /* AppDelegate.swift */ = {isa = PBXFileReference; lastKnownFileType = sourcecode.swift; path = AppDelegate.swift; sourceTree = "<group>"; };
		9B6960432C91D3FB00B39295 /* SceneDelegate.swift */ = {isa = PBXFileReference; lastKnownFileType = sourcecode.swift; path = SceneDelegate.swift; sourceTree = "<group>"; };
		9B6960452C91D3FB00B39295 /* ViewController.swift */ = {isa = PBXFileReference; lastKnownFileType = sourcecode.swift; path = ViewController.swift; sourceTree = "<group>"; };
		9B6960482C91D3FB00B39295 /* Base */ = {isa = PBXFileReference; lastKnownFileType = file.storyboard; name = Base; path = Base.lproj/Main.storyboard; sourceTree = "<group>"; };
		9B69604A2C91D3FC00B39295 /* Assets.xcassets */ = {isa = PBXFileReference; lastKnownFileType = folder.assetcatalog; path = Assets.xcassets; sourceTree = "<group>"; };
		9B69604D2C91D3FC00B39295 /* Base */ = {isa = PBXFileReference; lastKnownFileType = file.storyboard; name = Base; path = Base.lproj/LaunchScreen.storyboard; sourceTree = "<group>"; };
		9B69604F2C91D3FC00B39295 /* Info.plist */ = {isa = PBXFileReference; lastKnownFileType = text.plist.xml; path = Info.plist; sourceTree = "<group>"; };
		9B6960562C91D57100B39295 /* HomeViewController.swift */ = {isa = PBXFileReference; lastKnownFileType = sourcecode.swift; path = HomeViewController.swift; sourceTree = "<group>"; };
		9B69605A2C91D64B00B39295 /* MusicModel.swift */ = {isa = PBXFileReference; lastKnownFileType = sourcecode.swift; path = MusicModel.swift; sourceTree = "<group>"; };
		9B69605C2C91DC9A00B39295 /* PlayerViewController.swift */ = {isa = PBXFileReference; lastKnownFileType = sourcecode.swift; path = PlayerViewController.swift; sourceTree = "<group>"; };
		9B69605E2C91EDCD00B39295 /* CustomSlider.swift */ = {isa = PBXFileReference; lastKnownFileType = sourcecode.swift; path = CustomSlider.swift; sourceTree = "<group>"; };
/* End PBXFileReference section */

/* Begin PBXFrameworksBuildPhase section */
		9B69603B2C91D3FB00B39295 /* Frameworks */ = {
			isa = PBXFrameworksBuildPhase;
			buildActionMask = 2147483647;
			files = (
			);
			runOnlyForDeploymentPostprocessing = 0;
		};
/* End PBXFrameworksBuildPhase section */

/* Begin PBXGroup section */
		9B6960352C91D3FB00B39295 = {
			isa = PBXGroup;
			children = (
				9B6960402C91D3FB00B39295 /* TechTunes */,
				9B69603F2C91D3FB00B39295 /* Products */,
			);
			sourceTree = "<group>";
		};
		9B69603F2C91D3FB00B39295 /* Products */ = {
			isa = PBXGroup;
			children = (
				9B69603E2C91D3FB00B39295 /* TechTunes.app */,
			);
			name = Products;
			sourceTree = "<group>";
		};
		9B6960402C91D3FB00B39295 /* TechTunes */ = {
			isa = PBXGroup;
			children = (
				9B6960412C91D3FB00B39295 /* AppDelegate.swift */,
				9B6960432C91D3FB00B39295 /* SceneDelegate.swift */,
				9B6960452C91D3FB00B39295 /* ViewController.swift */,
				9B6960592C91D62500B39295 /* Model */,
				9B6960582C91D61200B39295 /* Core */,
				9B6960552C91D54A00B39295 /* View */,
				9B6960472C91D3FB00B39295 /* Main.storyboard */,
				9B69604A2C91D3FC00B39295 /* Assets.xcassets */,
				9B69604C2C91D3FC00B39295 /* LaunchScreen.storyboard */,
				9B69604F2C91D3FC00B39295 /* Info.plist */,
			);
			path = TechTunes;
			sourceTree = "<group>";
		};
		9B6960552C91D54A00B39295 /* View */ = {
			isa = PBXGroup;
			children = (
				9B6960562C91D57100B39295 /* HomeViewController.swift */,
				9B69605C2C91DC9A00B39295 /* PlayerViewController.swift */,
				9B69605E2C91EDCD00B39295 /* CustomSlider.swift */,
			);
			path = View;
			sourceTree = "<group>";
		};
		9B6960582C91D61200B39295 /* Core */ = {
			isa = PBXGroup;
			children = (
			);
			path = Core;
			sourceTree = "<group>";
		};
		9B6960592C91D62500B39295 /* Model */ = {
			isa = PBXGroup;
			children = (
				9B69605A2C91D64B00B39295 /* MusicModel.swift */,
			);
			path = Model;
			sourceTree = "<group>";
		};
/* End PBXGroup section */

/* Begin PBXNativeTarget section */
		9B69603D2C91D3FB00B39295 /* TechTunes */ = {
			isa = PBXNativeTarget;
			buildConfigurationList = 9B6960522C91D3FC00B39295 /* Build configuration list for PBXNativeTarget "TechTunes" */;
			buildPhases = (
				9B69603A2C91D3FB00B39295 /* Sources */,
				9B69603B2C91D3FB00B39295 /* Frameworks */,
				9B69603C2C91D3FB00B39295 /* Resources */,
			);
			buildRules = (
			);
			dependencies = (
			);
			name = TechTunes;
			productName = TechTunes;
			productReference = 9B69603E2C91D3FB00B39295 /* TechTunes.app */;
			productType = "com.apple.product-type.application";
		};
/* End PBXNativeTarget section */

/* Begin PBXProject section */
		9B6960362C91D3FB00B39295 /* Project object */ = {
			isa = PBXProject;
			attributes = {
				BuildIndependentTargetsInParallel = 1;
				LastSwiftUpdateCheck = 1430;
				LastUpgradeCheck = 1430;
				TargetAttributes = {
					9B69603D2C91D3FB00B39295 = {
						CreatedOnToolsVersion = 14.3.1;
					};
				};
			};
			buildConfigurationList = 9B6960392C91D3FB00B39295 /* Build configuration list for PBXProject "TechTunes" */;
			compatibilityVersion = "Xcode 14.0";
			developmentRegion = en;
			hasScannedForEncodings = 0;
			knownRegions = (
				en,
				Base,
			);
			mainGroup = 9B6960352C91D3FB00B39295;
			productRefGroup = 9B69603F2C91D3FB00B39295 /* Products */;
			projectDirPath = "";
			projectRoot = "";
			targets = (
				9B69603D2C91D3FB00B39295 /* TechTunes */,
			);
		};
/* End PBXProject section */

/* Begin PBXResourcesBuildPhase section */
		9B69603C2C91D3FB00B39295 /* Resources */ = {
			isa = PBXResourcesBuildPhase;
			buildActionMask = 2147483647;
			files = (
				9B69604E2C91D3FC00B39295 /* LaunchScreen.storyboard in Resources */,
				9B69604B2C91D3FC00B39295 /* Assets.xcassets in Resources */,
				9B6960492C91D3FB00B39295 /* Main.storyboard in Resources */,
			);
			runOnlyForDeploymentPostprocessing = 0;
		};
/* End PBXResourcesBuildPhase section */

/* Begin PBXSourcesBuildPhase section */
		9B69603A2C91D3FB00B39295 /* Sources */ = {
			isa = PBXSourcesBuildPhase;
			buildActionMask = 2147483647;
			files = (
				9B6960462C91D3FB00B39295 /* ViewController.swift in Sources */,
				9B69605F2C91EDCD00B39295 /* CustomSlider.swift in Sources */,
				9B6960422C91D3FB00B39295 /* AppDelegate.swift in Sources */,
				9B6960442C91D3FB00B39295 /* SceneDelegate.swift in Sources */,
				9B69605B2C91D64B00B39295 /* MusicModel.swift in Sources */,
				9B6960572C91D57100B39295 /* HomeViewController.swift in Sources */,
				9B69605D2C91DC9A00B39295 /* PlayerViewController.swift in Sources */,
			);
			runOnlyForDeploymentPostprocessing = 0;
		};
/* End PBXSourcesBuildPhase section */

/* Begin PBXVariantGroup section */
		9B6960472C91D3FB00B39295 /* Main.storyboard */ = {
			isa = PBXVariantGroup;
			children = (
				9B6960482C91D3FB00B39295 /* Base */,
			);
			name = Main.storyboard;
			sourceTree = "<group>";
		};
		9B69604C2C91D3FC00B39295 /* LaunchScreen.storyboard */ = {
			isa = PBXVariantGroup;
			children = (
				9B69604D2C91D3FC00B39295 /* Base */,
			);
			name = LaunchScreen.storyboard;
			sourceTree = "<group>";
		};
/* End PBXVariantGroup section */

/* Begin XCBuildConfiguration section */
		9B6960502C91D3FC00B39295 /* Debug */ = {
			isa = XCBuildConfiguration;
			buildSettings = {
				ALWAYS_SEARCH_USER_PATHS = NO;
				CLANG_ANALYZER_NONNULL = YES;
				CLANG_ANALYZER_NUMBER_OBJECT_CONVERSION = YES_AGGRESSIVE;
				CLANG_CXX_LANGUAGE_STANDARD = "gnu++20";
				CLANG_ENABLE_MODULES = YES;
				CLANG_ENABLE_OBJC_ARC = YES;
				CLANG_ENABLE_OBJC_WEAK = YES;
				CLANG_WARN_BLOCK_CAPTURE_AUTORELEASING = YES;
				CLANG_WARN_BOOL_CONVERSION = YES;
				CLANG_WARN_COMMA = YES;
				CLANG_WARN_CONSTANT_CONVERSION = YES;
				CLANG_WARN_DEPRECATED_OBJC_IMPLEMENTATIONS = YES;
				CLANG_WARN_DIRECT_OBJC_ISA_USAGE = YES_ERROR;
				CLANG_WARN_DOCUMENTATION_COMMENTS = YES;
				CLANG_WARN_EMPTY_BODY = YES;
				CLANG_WARN_ENUM_CONVERSION = YES;
				CLANG_WARN_INFINITE_RECURSION = YES;
				CLANG_WARN_INT_CONVERSION = YES;
				CLANG_WARN_NON_LITERAL_NULL_CONVERSION = YES;
				CLANG_WARN_OBJC_IMPLICIT_RETAIN_SELF = YES;
				CLANG_WARN_OBJC_LITERAL_CONVERSION = YES;
				CLANG_WARN_OBJC_ROOT_CLASS = YES_ERROR;
				CLANG_WARN_QUOTED_INCLUDE_IN_FRAMEWORK_HEADER = YES;
				CLANG_WARN_RANGE_LOOP_ANALYSIS = YES;
				CLANG_WARN_STRICT_PROTOTYPES = YES;
				CLANG_WARN_SUSPICIOUS_MOVE = YES;
				CLANG_WARN_UNGUARDED_AVAILABILITY = YES_AGGRESSIVE;
				CLANG_WARN_UNREACHABLE_CODE = YES;
				CLANG_WARN__DUPLICATE_METHOD_MATCH = YES;
				COPY_PHASE_STRIP = NO;
				DEBUG_INFORMATION_FORMAT = dwarf;
				ENABLE_STRICT_OBJC_MSGSEND = YES;
				ENABLE_TESTABILITY = YES;
				GCC_C_LANGUAGE_STANDARD = gnu11;
				GCC_DYNAMIC_NO_PIC = NO;
				GCC_NO_COMMON_BLOCKS = YES;
				GCC_OPTIMIZATION_LEVEL = 0;
				GCC_PREPROCESSOR_DEFINITIONS = (
					"DEBUG=1",
					"$(inherited)",
				);
				GCC_WARN_64_TO_32_BIT_CONVERSION = YES;
				GCC_WARN_ABOUT_RETURN_TYPE = YES_ERROR;
				GCC_WARN_UNDECLARED_SELECTOR = YES;
				GCC_WARN_UNINITIALIZED_AUTOS = YES_AGGRESSIVE;
				GCC_WARN_UNUSED_FUNCTION = YES;
				GCC_WARN_UNUSED_VARIABLE = YES;
				IPHONEOS_DEPLOYMENT_TARGET = 16.4;
				MTL_ENABLE_DEBUG_INFO = INCLUDE_SOURCE;
				MTL_FAST_MATH = YES;
				ONLY_ACTIVE_ARCH = YES;
				SDKROOT = iphoneos;
				SWIFT_ACTIVE_COMPILATION_CONDITIONS = DEBUG;
				SWIFT_OPTIMIZATION_LEVEL = "-Onone";
			};
			name = Debug;
		};
		9B6960512C91D3FC00B39295 /* Release */ = {
			isa = XCBuildConfiguration;
			buildSettings = {
				ALWAYS_SEARCH_USER_PATHS = NO;
				CLANG_ANALYZER_NONNULL = YES;
				CLANG_ANALYZER_NUMBER_OBJECT_CONVERSION = YES_AGGRESSIVE;
				CLANG_CXX_LANGUAGE_STANDARD = "gnu++20";
				CLANG_ENABLE_MODULES = YES;
				CLANG_ENABLE_OBJC_ARC = YES;
				CLANG_ENABLE_OBJC_WEAK = YES;
				CLANG_WARN_BLOCK_CAPTURE_AUTORELEASING = YES;
				CLANG_WARN_BOOL_CONVERSION = YES;
				CLANG_WARN_COMMA = YES;
				CLANG_WARN_CONSTANT_CONVERSION = YES;
				CLANG_WARN_DEPRECATED_OBJC_IMPLEMENTATIONS = YES;
				CLANG_WARN_DIRECT_OBJC_ISA_USAGE = YES_ERROR;
				CLANG_WARN_DOCUMENTATION_COMMENTS = YES;
				CLANG_WARN_EMPTY_BODY = YES;
				CLANG_WARN_ENUM_CONVERSION = YES;
				CLANG_WARN_INFINITE_RECURSION = YES;
				CLANG_WARN_INT_CONVERSION = YES;
				CLANG_WARN_NON_LITERAL_NULL_CONVERSION = YES;
				CLANG_WARN_OBJC_IMPLICIT_RETAIN_SELF = YES;
				CLANG_WARN_OBJC_LITERAL_CONVERSION = YES;
				CLANG_WARN_OBJC_ROOT_CLASS = YES_ERROR;
				CLANG_WARN_QUOTED_INCLUDE_IN_FRAMEWORK_HEADER = YES;
				CLANG_WARN_RANGE_LOOP_ANALYSIS = YES;
				CLANG_WARN_STRICT_PROTOTYPES = YES;
				CLANG_WARN_SUSPICIOUS_MOVE = YES;
				CLANG_WARN_UNGUARDED_AVAILABILITY = YES_AGGRESSIVE;
				CLANG_WARN_UNREACHABLE_CODE = YES;
				CLANG_WARN__DUPLICATE_METHOD_MATCH = YES;
				COPY_PHASE_STRIP = NO;
				DEBUG_INFORMATION_FORMAT = "dwarf-with-dsym";
				ENABLE_NS_ASSERTIONS = NO;
				ENABLE_STRICT_OBJC_MSGSEND = YES;
				GCC_C_LANGUAGE_STANDARD = gnu11;
				GCC_NO_COMMON_BLOCKS = YES;
				GCC_WARN_64_TO_32_BIT_CONVERSION = YES;
				GCC_WARN_ABOUT_RETURN_TYPE = YES_ERROR;
				GCC_WARN_UNDECLARED_SELECTOR = YES;
				GCC_WARN_UNINITIALIZED_AUTOS = YES_AGGRESSIVE;
				GCC_WARN_UNUSED_FUNCTION = YES;
				GCC_WARN_UNUSED_VARIABLE = YES;
				IPHONEOS_DEPLOYMENT_TARGET = 16.4;
				MTL_ENABLE_DEBUG_INFO = NO;
				MTL_FAST_MATH = YES;
				SDKROOT = iphoneos;
				SWIFT_COMPILATION_MODE = wholemodule;
				SWIFT_OPTIMIZATION_LEVEL = "-O";
				VALIDATE_PRODUCT = YES;
			};
			name = Release;
		};
		9B6960532C91D3FC00B39295 /* Debug */ = {
			isa = XCBuildConfiguration;
			buildSettings = {
				ASSETCATALOG_COMPILER_APPICON_NAME = AppIcon;
				ASSETCATALOG_COMPILER_GLOBAL_ACCENT_COLOR_NAME = AccentColor;
				CODE_SIGN_STYLE = Automatic;
				CURRENT_PROJECT_VERSION = 1;
				DEVELOPMENT_TEAM = 7CT3AUMF7P;
				GENERATE_INFOPLIST_FILE = YES;
				INFOPLIST_FILE = TechTunes/Info.plist;
				INFOPLIST_KEY_UIApplicationSupportsIndirectInputEvents = YES;
				INFOPLIST_KEY_UILaunchStoryboardName = LaunchScreen;
				INFOPLIST_KEY_UIMainStoryboardFile = Main;
				INFOPLIST_KEY_UISupportedInterfaceOrientations_iPad = "UIInterfaceOrientationPortrait UIInterfaceOrientationPortraitUpsideDown UIInterfaceOrientationLandscapeLeft UIInterfaceOrientationLandscapeRight";
				INFOPLIST_KEY_UISupportedInterfaceOrientations_iPhone = "UIInterfaceOrientationPortrait UIInterfaceOrientationLandscapeLeft UIInterfaceOrientationLandscapeRight";
				LD_RUNPATH_SEARCH_PATHS = (
					"$(inherited)",
					"@executable_path/Frameworks",
				);
				MARKETING_VERSION = 1.0;
				PRODUCT_BUNDLE_IDENTIFIER = com.ObaShion.TechTunes;
				PRODUCT_NAME = "$(TARGET_NAME)";
				SWIFT_EMIT_LOC_STRINGS = YES;
				SWIFT_VERSION = 5.0;
				TARGETED_DEVICE_FAMILY = "1,2";
			};
			name = Debug;
		};
		9B6960542C91D3FC00B39295 /* Release */ = {
			isa = XCBuildConfiguration;
			buildSettings = {
				ASSETCATALOG_COMPILER_APPICON_NAME = AppIcon;
				ASSETCATALOG_COMPILER_GLOBAL_ACCENT_COLOR_NAME = AccentColor;
				CODE_SIGN_STYLE = Automatic;
				CURRENT_PROJECT_VERSION = 1;
				DEVELOPMENT_TEAM = 7CT3AUMF7P;
				GENERATE_INFOPLIST_FILE = YES;
				INFOPLIST_FILE = TechTunes/Info.plist;
				INFOPLIST_KEY_UIApplicationSupportsIndirectInputEvents = YES;
				INFOPLIST_KEY_UILaunchStoryboardName = LaunchScreen;
				INFOPLIST_KEY_UIMainStoryboardFile = Main;
				INFOPLIST_KEY_UISupportedInterfaceOrientations_iPad = "UIInterfaceOrientationPortrait UIInterfaceOrientationPortraitUpsideDown UIInterfaceOrientationLandscapeLeft UIInterfaceOrientationLandscapeRight";
				INFOPLIST_KEY_UISupportedInterfaceOrientations_iPhone = "UIInterfaceOrientationPortrait UIInterfaceOrientationLandscapeLeft UIInterfaceOrientationLandscapeRight";
				LD_RUNPATH_SEARCH_PATHS = (
					"$(inherited)",
					"@executable_path/Frameworks",
				);
				MARKETING_VERSION = 1.0;
				PRODUCT_BUNDLE_IDENTIFIER = com.ObaShion.TechTunes;
				PRODUCT_NAME = "$(TARGET_NAME)";
				SWIFT_EMIT_LOC_STRINGS = YES;
				SWIFT_VERSION = 5.0;
				TARGETED_DEVICE_FAMILY = "1,2";
			};
			name = Release;
		};
/* End XCBuildConfiguration section */

/* Begin XCConfigurationList section */
		9B6960392C91D3FB00B39295 /* Build configuration list for PBXProject "TechTunes" */ = {
			isa = XCConfigurationList;
			buildConfigurations = (
				9B6960502C91D3FC00B39295 /* Debug */,
				9B6960512C91D3FC00B39295 /* Release */,
			);
			defaultConfigurationIsVisible = 0;
			defaultConfigurationName = Release;
		};
		9B6960522C91D3FC00B39295 /* Build configuration list for PBXNativeTarget "TechTunes" */ = {
			isa = XCConfigurationList;
			buildConfigurations = (
				9B6960532C91D3FC00B39295 /* Debug */,
				9B6960542C91D3FC00B39295 /* Release */,
			);
			defaultConfigurationIsVisible = 0;
			defaultConfigurationName = Release;
		};
/* End XCConfigurationList section */
	};
	rootObject = 9B6960362C91D3FB00B39295 /* Project object */;
}
